
Microsoft Visual Studio Solution File, Format Version 12.00
Project("{FAE04EC0-301F-11D3-BF4B-00C04F79EFBC}") = "ArtikelverwaltungListStructServerHttp", "ArtikelverwaltungListStructServerHttp\ArtikelverwaltungListStructServerHttp.csproj", "{0F1AECB4-C91F-4D93-8673-44191F08DB6E}"
EndProject
Project("{FAE04EC0-301F-11D3-BF4B-00C04F79EFBC}") = "ArtikelverwaltungListStructClientConsoleHttp", "ArtikelverwaltungListStructClientConsoleHttp\ArtikelverwaltungListStructClientConsoleHttp.csproj", "{B1B716A7-9FFD-4FDF-98AB-1B9DE3BFAB9B}"
EndProject
Project("{FAE04EC0-301F-11D3-BF4B-00C04F79EFBC}") = "ArtikelverwalktungClientWebsocket", "ArtikelverwalktungClientWebsocket\ArtikelverwalktungClientWebsocket.csproj", "{C85DF1E6-F3D6-4085-8B07-FCFCF5D49BAF}"
EndProject
Global
	GlobalSection(SolutionConfigurationPlatforms) = preSolution
		Debug|Any CPU = Debug|Any CPU
		Release|Any CPU = Release|Any CPU
	EndGlobalSection
	GlobalSection(ProjectConfigurationPlatforms) = postSolution
		{0F1AECB4-C91F-4D93-8673-44191F08DB6E}.Debug|Any CPU.ActiveCfg = Debug|Any CPU
		{0F1AECB4-C91F-4D93-8673-44191F08DB6E}.Debug|Any CPU.Build.0 = Debug|Any CPU
		{0F1AECB4-C91F-4D93-8673-44191F08DB6E}.Release|Any CPU.ActiveCfg = Release|Any CPU
		{0F1AECB4-C91F-4D93-8673-44191F08DB6E}.Release|Any CPU.Build.0 = Release|Any CPU
		{B1B716A7-9FFD-4FDF-98AB-1B9DE3BFAB9B}.Debug|Any CPU.ActiveCfg = Debug|Any CPU
		{B1B716A7-9FFD-4FDF-98AB-1B9DE3BFAB9B}.Debug|Any CPU.Build.0 = Debug|Any CPU
		{B1B716A7-9FFD-4FDF-98AB-1B9DE3BFAB9B}.Release|Any CPU.ActiveCfg = Release|Any CPU
		{B1B716A7-9FFD-4FDF-98AB-1B9DE3BFAB9B}.Release|Any CPU.Build.0 = Release|Any CPU
		{C85DF1E6-F3D6-4085-8B07-FCFCF5D49BAF}.Debug|Any CPU.ActiveCfg = Debug|Any CPU
		{C85DF1E6-F3D6-4085-8B07-FCFCF5D49BAF}.Debug|Any CPU.Build.0 = Debug|Any CPU
		{C85DF1E6-F3D6-4085-8B07-FCFCF5D49BAF}.Release|Any CPU.ActiveCfg = Release|Any CPU
		{C85DF1E6-F3D6-4085-8B07-FCFCF5D49BAF}.Release|Any CPU.Build.0 = Release|Any CPU
	EndGlobalSection
EndGlobal
